
Microsoft Visual Studio Solution File, Format Version 11.00
# Visual Studio 2010
Project("{FAE04EC0-301F-11D3-BF4B-00C04F79EFBC}") = "Assembly-CSharp", "Assembly-CSharp.csproj", "{7678e8d3-0bf9-4c09-3c6c-eeeb50b8f851}"
EndProject
Project("{FAE04EC0-301F-11D3-BF4B-00C04F79EFBC}") = "Assembly-CSharp-Editor", "Assembly-CSharp-Editor.csproj", "{ae223cd0-99ae-0ceb-5e78-361b53d9bdff}"
EndProject
Project("{FAE04EC0-301F-11D3-BF4B-00C04F79EFBC}") = "Assembly-CSharp-Editor-firstpass", "Assembly-CSharp-Editor-firstpass.csproj", "{7ec0833e-bb47-27ae-3ccc-dd6db0a04aff}"
EndProject
Global
	GlobalSection(SolutionConfigurationPlatforms) = preSolution
		Debug|Any CPU = Debug|Any CPU
	EndGlobalSection
	GlobalSection(ProjectConfigurationPlatforms) = postSolution
		{7678e8d3-0bf9-4c09-3c6c-eeeb50b8f851}.Debug|Any CPU.ActiveCfg = Debug|Any CPU
		{7678e8d3-0bf9-4c09-3c6c-eeeb50b8f851}.Debug|Any CPU.Build.0 = Debug|Any CPU
		{ae223cd0-99ae-0ceb-5e78-361b53d9bdff}.Debug|Any CPU.ActiveCfg = Debug|Any CPU
		{ae223cd0-99ae-0ceb-5e78-361b53d9bdff}.Debug|Any CPU.Build.0 = Debug|Any CPU
		{7ec0833e-bb47-27ae-3ccc-dd6db0a04aff}.Debug|Any CPU.ActiveCfg = Debug|Any CPU
		{7ec0833e-bb47-27ae-3ccc-dd6db0a04aff}.Debug|Any CPU.Build.0 = Debug|Any CPU
	EndGlobalSection
	GlobalSection(SolutionProperties) = preSolution
		HideSolutionNode = FALSE
	EndGlobalSection
EndGlobal
